// !$*UTF8*$!
{
	archiveVersion = 1;
	classes = {
	};
	objectVersion = 46;
	objects = {

/* Begin PBXBuildFile section */
		3209513C1A042FC5007BE338 /* main.cpp in Sources */ = {isa = PBXBuildFile; fileRef = 3209513B1A042FC5007BE338 /* main.cpp */; };
		320951441A042FDA007BE338 /* Lexer.cpp in Sources */ = {isa = PBXBuildFile; fileRef = 320951421A042FDA007BE338 /* Lexer.cpp */; };
		320951471A042FE9007BE338 /* Token.cpp in Sources */ = {isa = PBXBuildFile; fileRef = 320951451A042FE9007BE338 /* Token.cpp */; };
		3209514A1A042FF5007BE338 /* Parser.cpp in Sources */ = {isa = PBXBuildFile; fileRef = 320951481A042FF5007BE338 /* Parser.cpp */; };
		3209514D1A05BFF3007BE338 /* AST.cpp in Sources */ = {isa = PBXBuildFile; fileRef = 3209514B1A05BFF3007BE338 /* AST.cpp */; };
		321084DD1A185CEC001FAE42 /* libclang.dylib in Frameworks */ = {isa = PBXBuildFile; fileRef = 321084DC1A185CEC001FAE42 /* libclang.dylib */; };
		321084E31A186D29001FAE42 /* JSCodegen.cpp in Sources */ = {isa = PBXBuildFile; fileRef = 321084E11A186D29001FAE42 /* JSCodegen.cpp */; };
		325C57DC1A10821C00DCFC61 /* Backend.cpp in Sources */ = {isa = PBXBuildFile; fileRef = 325C57DA1A10821C00DCFC61 /* Backend.cpp */; };
		325C57E21A10823500DCFC61 /* LLCWrapper.cpp in Sources */ = {isa = PBXBuildFile; fileRef = 325C57E01A10823500DCFC61 /* LLCWrapper.cpp */; };
		327F5D3F1A181E6500EC6604 /* libLLVM-3.5.dylib in Frameworks */ = {isa = PBXBuildFile; fileRef = 32E34B461A05FFB2006D34E6 /* libLLVM-3.5.dylib */; };
		32E34B451A05FEFF006D34E6 /* Codegen.cpp in Sources */ = {isa = PBXBuildFile; fileRef = 32E34B431A05FEFF006D34E6 /* Codegen.cpp */; };
		32E34B4A1A06013F006D34E6 /* Visitor.cpp in Sources */ = {isa = PBXBuildFile; fileRef = 32E34B481A06013F006D34E6 /* Visitor.cpp */; };
/* End PBXBuildFile section */

/* Begin PBXCopyFilesBuildPhase section */
		320951361A042FC5007BE338 /* CopyFiles */ = {
			isa = PBXCopyFilesBuildPhase;
			buildActionMask = 2147483647;
			dstPath = /usr/share/man/man1/;
			dstSubfolderSpec = 0;
			files = (
			);
			runOnlyForDeploymentPostprocessing = 1;
		};
/* End PBXCopyFilesBuildPhase section */

/* Begin PBXFileReference section */
		320951381A042FC5007BE338 /* rayc */ = {isa = PBXFileReference; explicitFileType = "compiled.mach-o.executable"; includeInIndex = 0; path = rayc; sourceTree = BUILT_PRODUCTS_DIR; };
		3209513B1A042FC5007BE338 /* main.cpp */ = {isa = PBXFileReference; lastKnownFileType = sourcecode.cpp.cpp; path = main.cpp; sourceTree = "<group>"; };
		320951421A042FDA007BE338 /* Lexer.cpp */ = {isa = PBXFileReference; fileEncoding = 4; lastKnownFileType = sourcecode.cpp.cpp; path = Lexer.cpp; sourceTree = "<group>"; };
		320951431A042FDA007BE338 /* Lexer.h */ = {isa = PBXFileReference; fileEncoding = 4; lastKnownFileType = sourcecode.c.h; path = Lexer.h; sourceTree = "<group>"; };
		320951451A042FE9007BE338 /* Token.cpp */ = {isa = PBXFileReference; fileEncoding = 4; lastKnownFileType = sourcecode.cpp.cpp; path = Token.cpp; sourceTree = "<group>"; };
		320951461A042FE9007BE338 /* Token.h */ = {isa = PBXFileReference; fileEncoding = 4; lastKnownFileType = sourcecode.c.h; path = Token.h; sourceTree = "<group>"; };
		320951481A042FF5007BE338 /* Parser.cpp */ = {isa = PBXFileReference; fileEncoding = 4; lastKnownFileType = sourcecode.cpp.cpp; path = Parser.cpp; sourceTree = "<group>"; };
		320951491A042FF5007BE338 /* Parser.h */ = {isa = PBXFileReference; fileEncoding = 4; lastKnownFileType = sourcecode.c.h; path = Parser.h; sourceTree = "<group>"; };
		3209514B1A05BFF3007BE338 /* AST.cpp */ = {isa = PBXFileReference; fileEncoding = 4; lastKnownFileType = sourcecode.cpp.cpp; path = AST.cpp; sourceTree = "<group>"; };
		3209514C1A05BFF3007BE338 /* AST.h */ = {isa = PBXFileReference; explicitFileType = sourcecode.cpp.h; fileEncoding = 4; path = AST.h; sourceTree = "<group>"; };
		321084DC1A185CEC001FAE42 /* libclang.dylib */ = {isa = PBXFileReference; lastKnownFileType = "compiled.mach-o.dylib"; name = libclang.dylib; path = ../../../../../usr/local/Cellar/llvm/3.5.0/lib/libclang.dylib; sourceTree = "<group>"; };
		321084DE1A186656001FAE42 /* ray_builtins.cpp */ = {isa = PBXFileReference; fileEncoding = 4; lastKnownFileType = sourcecode.cpp.cpp; path = ray_builtins.cpp; sourceTree = "<group>"; };
		321084E11A186D29001FAE42 /* JSCodegen.cpp */ = {isa = PBXFileReference; fileEncoding = 4; lastKnownFileType = sourcecode.cpp.cpp; path = JSCodegen.cpp; sourceTree = "<group>"; };
		321084E21A186D29001FAE42 /* JSCodegen.h */ = {isa = PBXFileReference; fileEncoding = 4; lastKnownFileType = sourcecode.c.h; path = JSCodegen.h; sourceTree = "<group>"; };
		325C57DA1A10821C00DCFC61 /* Backend.cpp */ = {isa = PBXFileReference; fileEncoding = 4; lastKnownFileType = sourcecode.cpp.cpp; path = Backend.cpp; sourceTree = "<group>"; };
		325C57DB1A10821C00DCFC61 /* Backend.h */ = {isa = PBXFileReference; fileEncoding = 4; lastKnownFileType = sourcecode.c.h; path = Backend.h; sourceTree = "<group>"; };
		325C57E01A10823500DCFC61 /* LLCWrapper.cpp */ = {isa = PBXFileReference; fileEncoding = 4; lastKnownFileType = sourcecode.cpp.cpp; path = LLCWrapper.cpp; sourceTree = "<group>"; };
		325C57E11A10823500DCFC61 /* LLCWrapper.h */ = {isa = PBXFileReference; fileEncoding = 4; lastKnownFileType = sourcecode.c.h; path = LLCWrapper.h; sourceTree = "<group>"; };
		32C0BB231A13333A00338D33 /* ray_grammar.txt */ = {isa = PBXFileReference; fileEncoding = 4; lastKnownFileType = text; path = ray_grammar.txt; sourceTree = "<group>"; };
		32E34B431A05FEFF006D34E6 /* Codegen.cpp */ = {isa = PBXFileReference; fileEncoding = 4; lastKnownFileType = sourcecode.cpp.cpp; path = Codegen.cpp; sourceTree = "<group>"; };
		32E34B441A05FEFF006D34E6 /* Codegen.h */ = {isa = PBXFileReference; fileEncoding = 4; lastKnownFileType = sourcecode.c.h; path = Codegen.h; sourceTree = "<group>"; };
		32E34B461A05FFB2006D34E6 /* libLLVM-3.5.dylib */ = {isa = PBXFileReference; lastKnownFileType = "compiled.mach-o.dylib"; name = "libLLVM-3.5.dylib"; path = "../../../../../usr/local/Cellar/llvm/3.5.0/lib/libLLVM-3.5.dylib"; sourceTree = "<group>"; };
		32E34B481A06013F006D34E6 /* Visitor.cpp */ = {isa = PBXFileReference; fileEncoding = 4; lastKnownFileType = sourcecode.cpp.cpp; path = Visitor.cpp; sourceTree = "<group>"; };
		32E34B491A06013F006D34E6 /* Visitor.h */ = {isa = PBXFileReference; fileEncoding = 4; lastKnownFileType = sourcecode.c.h; path = Visitor.h; sourceTree = "<group>"; };
/* End PBXFileReference section */

/* Begin PBXFrameworksBuildPhase section */
		320951351A042FC5007BE338 /* Frameworks */ = {
			isa = PBXFrameworksBuildPhase;
			buildActionMask = 2147483647;
			files = (
				321084DD1A185CEC001FAE42 /* libclang.dylib in Frameworks */,
				327F5D3F1A181E6500EC6604 /* libLLVM-3.5.dylib in Frameworks */,
			);
			runOnlyForDeploymentPostprocessing = 0;
		};
/* End PBXFrameworksBuildPhase section */

/* Begin PBXGroup section */
		3209512F1A042FC5007BE338 = {
			isa = PBXGroup;
			children = (
				3209513A1A042FC5007BE338 /* rayc */,
				320951391A042FC5007BE338 /* Products */,
				32E34B461A05FFB2006D34E6 /* libLLVM-3.5.dylib */,
				321084DC1A185CEC001FAE42 /* libclang.dylib */,
			);
			sourceTree = "<group>";
		};
		320951391A042FC5007BE338 /* Products */ = {
			isa = PBXGroup;
			children = (
				320951381A042FC5007BE338 /* rayc */,
			);
			name = Products;
			sourceTree = "<group>";
		};
		3209513A1A042FC5007BE338 /* rayc */ = {
			isa = PBXGroup;
			children = (
				3209513B1A042FC5007BE338 /* main.cpp */,
				3209514B1A05BFF3007BE338 /* AST.cpp */,
				3209514C1A05BFF3007BE338 /* AST.h */,
				325C57DA1A10821C00DCFC61 /* Backend.cpp */,
				325C57DB1A10821C00DCFC61 /* Backend.h */,
				325C57E01A10823500DCFC61 /* LLCWrapper.cpp */,
				325C57E11A10823500DCFC61 /* LLCWrapper.h */,
				321084E11A186D29001FAE42 /* JSCodegen.cpp */,
				321084E21A186D29001FAE42 /* JSCodegen.h */,
				32E34B431A05FEFF006D34E6 /* Codegen.cpp */,
				32E34B441A05FEFF006D34E6 /* Codegen.h */,
				320951421A042FDA007BE338 /* Lexer.cpp */,
				320951431A042FDA007BE338 /* Lexer.h */,
				320951481A042FF5007BE338 /* Parser.cpp */,
				320951491A042FF5007BE338 /* Parser.h */,
				320951451A042FE9007BE338 /* Token.cpp */,
				320951461A042FE9007BE338 /* Token.h */,
				32E34B481A06013F006D34E6 /* Visitor.cpp */,
				32E34B491A06013F006D34E6 /* Visitor.h */,
				32C0BB231A13333A00338D33 /* ray_grammar.txt */,
				321084DE1A186656001FAE42 /* ray_builtins.cpp */,
			);
			path = rayc;
			sourceTree = "<group>";
		};
/* End PBXGroup section */

/* Begin PBXNativeTarget section */
		320951371A042FC5007BE338 /* rayc */ = {
			isa = PBXNativeTarget;
			buildConfigurationList = 3209513F1A042FC5007BE338 /* Build configuration list for PBXNativeTarget "rayc" */;
			buildPhases = (
				320951341A042FC5007BE338 /* Sources */,
				320951351A042FC5007BE338 /* Frameworks */,
				320951361A042FC5007BE338 /* CopyFiles */,
			);
			buildRules = (
			);
			dependencies = (
			);
			name = rayc;
			productName = rayc;
			productReference = 320951381A042FC5007BE338 /* rayc */;
			productType = "com.apple.product-type.tool";
		};
/* End PBXNativeTarget section */

/* Begin PBXProject section */
		320951301A042FC5007BE338 /* Project object */ = {
			isa = PBXProject;
			attributes = {
				LastUpgradeCheck = 0610;
				ORGANIZATIONNAME = "Jeremy Jacobson";
				TargetAttributes = {
					320951371A042FC5007BE338 = {
						CreatedOnToolsVersion = 6.1;
					};
				};
			};
			buildConfigurationList = 320951331A042FC5007BE338 /* Build configuration list for PBXProject "rayc" */;
			compatibilityVersion = "Xcode 3.2";
			developmentRegion = English;
			hasScannedForEncodings = 0;
			knownRegions = (
				en,
			);
			mainGroup = 3209512F1A042FC5007BE338;
			productRefGroup = 320951391A042FC5007BE338 /* Products */;
			projectDirPath = "";
			projectRoot = "";
			targets = (
				320951371A042FC5007BE338 /* rayc */,
			);
		};
/* End PBXProject section */

/* Begin PBXSourcesBuildPhase section */
		320951341A042FC5007BE338 /* Sources */ = {
			isa = PBXSourcesBuildPhase;
			buildActionMask = 2147483647;
			files = (
				3209514D1A05BFF3007BE338 /* AST.cpp in Sources */,
				3209514A1A042FF5007BE338 /* Parser.cpp in Sources */,
				320951471A042FE9007BE338 /* Token.cpp in Sources */,
				320951441A042FDA007BE338 /* Lexer.cpp in Sources */,
				325C57E21A10823500DCFC61 /* LLCWrapper.cpp in Sources */,
				325C57DC1A10821C00DCFC61 /* Backend.cpp in Sources */,
				321084E31A186D29001FAE42 /* JSCodegen.cpp in Sources */,
				32E34B4A1A06013F006D34E6 /* Visitor.cpp in Sources */,
				3209513C1A042FC5007BE338 /* main.cpp in Sources */,
				32E34B451A05FEFF006D34E6 /* Codegen.cpp in Sources */,
			);
			runOnlyForDeploymentPostprocessing = 0;
		};
/* End PBXSourcesBuildPhase section */

/* Begin XCBuildConfiguration section */
		3209513D1A042FC5007BE338 /* Debug */ = {
			isa = XCBuildConfiguration;
			buildSettings = {
				ALWAYS_SEARCH_USER_PATHS = NO;
				CLANG_CXX_LANGUAGE_STANDARD = "gnu++0x";
				CLANG_CXX_LIBRARY = "libc++";
				CLANG_ENABLE_MODULES = YES;
				CLANG_ENABLE_OBJC_ARC = YES;
				CLANG_WARN_BOOL_CONVERSION = YES;
				CLANG_WARN_CONSTANT_CONVERSION = YES;
				CLANG_WARN_DIRECT_OBJC_ISA_USAGE = YES_ERROR;
				CLANG_WARN_EMPTY_BODY = YES;
				CLANG_WARN_ENUM_CONVERSION = YES;
				CLANG_WARN_INT_CONVERSION = YES;
				CLANG_WARN_OBJC_ROOT_CLASS = YES_ERROR;
				CLANG_WARN_UNREACHABLE_CODE = YES;
				CLANG_WARN__DUPLICATE_METHOD_MATCH = YES;
				COPY_PHASE_STRIP = NO;
				ENABLE_STRICT_OBJC_MSGSEND = YES;
				GCC_C_LANGUAGE_STANDARD = gnu99;
				GCC_DYNAMIC_NO_PIC = NO;
				GCC_OPTIMIZATION_LEVEL = 0;
				GCC_PREPROCESSOR_DEFINITIONS = (
					"DEBUG=1",
					"$(inherited)",
				);
				GCC_SYMBOLS_PRIVATE_EXTERN = NO;
				GCC_WARN_64_TO_32_BIT_CONVERSION = YES;
				GCC_WARN_ABOUT_RETURN_TYPE = YES_ERROR;
				GCC_WARN_UNDECLARED_SELECTOR = YES;
				GCC_WARN_UNINITIALIZED_AUTOS = YES_AGGRESSIVE;
				GCC_WARN_UNUSED_FUNCTION = YES;
				GCC_WARN_UNUSED_VARIABLE = YES;
				MACOSX_DEPLOYMENT_TARGET = 10.10;
				MTL_ENABLE_DEBUG_INFO = YES;
				ONLY_ACTIVE_ARCH = YES;
				SDKROOT = macosx;
			};
			name = Debug;
		};
		3209513E1A042FC5007BE338 /* Release */ = {
			isa = XCBuildConfiguration;
			buildSettings = {
				ALWAYS_SEARCH_USER_PATHS = NO;
				CLANG_CXX_LANGUAGE_STANDARD = "gnu++0x";
				CLANG_CXX_LIBRARY = "libc++";
				CLANG_ENABLE_MODULES = YES;
				CLANG_ENABLE_OBJC_ARC = YES;
				CLANG_WARN_BOOL_CONVERSION = YES;
				CLANG_WARN_CONSTANT_CONVERSION = YES;
				CLANG_WARN_DIRECT_OBJC_ISA_USAGE = YES_ERROR;
				CLANG_WARN_EMPTY_BODY = YES;
				CLANG_WARN_ENUM_CONVERSION = YES;
				CLANG_WARN_INT_CONVERSION = YES;
				CLANG_WARN_OBJC_ROOT_CLASS = YES_ERROR;
				CLANG_WARN_UNREACHABLE_CODE = YES;
				CLANG_WARN__DUPLICATE_METHOD_MATCH = YES;
				COPY_PHASE_STRIP = YES;
				DEBUG_INFORMATION_FORMAT = "dwarf-with-dsym";
				ENABLE_NS_ASSERTIONS = NO;
				ENABLE_STRICT_OBJC_MSGSEND = YES;
				GCC_C_LANGUAGE_STANDARD = gnu99;
				GCC_WARN_64_TO_32_BIT_CONVERSION = YES;
				GCC_WARN_ABOUT_RETURN_TYPE = YES_ERROR;
				GCC_WARN_UNDECLARED_SELECTOR = YES;
				GCC_WARN_UNINITIALIZED_AUTOS = YES_AGGRESSIVE;
				GCC_WARN_UNUSED_FUNCTION = YES;
				GCC_WARN_UNUSED_VARIABLE = YES;
				MACOSX_DEPLOYMENT_TARGET = 10.10;
				MTL_ENABLE_DEBUG_INFO = NO;
				SDKROOT = macosx;
			};
			name = Release;
		};
		320951401A042FC5007BE338 /* Debug */ = {
			isa = XCBuildConfiguration;
			buildSettings = {
				GCC_PREPROCESSOR_DEFINITIONS = (
					__STDC_CONSTANT_MACROS,
					__STDC_FORMAT_MACROS,
					__STDC_LIMIT_MACROS,
					"DEBUG=1",
					"$(inherited)",
				);
				HEADER_SEARCH_PATHS = (
					"$(inherited)",
					/Applications/Xcode.app/Contents/Developer/Toolchains/XcodeDefault.xctoolchain/usr/include,
					/usr/local/Cellar/llvm/3.5.0/include,
				);
				LIBRARY_SEARCH_PATHS = (
					"$(inherited)",
					/usr/local/Cellar/llvm/3.5.0/lib,
				);
				OTHER_CPLUSPLUSFLAGS = "$(OTHER_CFLAGS)";
				PRODUCT_NAME = "$(TARGET_NAME)";
			};
			name = Debug;
		};
		320951411A042FC5007BE338 /* Release */ = {
			isa = XCBuildConfiguration;
			buildSettings = {
				GCC_PREPROCESSOR_DEFINITIONS = (
					__STDC_CONSTANT_MACROS,
					__STDC_FORMAT_MACROS,
					__STDC_LIMIT_MACROS,
				);
				HEADER_SEARCH_PATHS = (
					"$(inherited)",
					/Applications/Xcode.app/Contents/Developer/Toolchains/XcodeDefault.xctoolchain/usr/include,
					/usr/local/Cellar/llvm/3.5.0/include,
				);
				LIBRARY_SEARCH_PATHS = (
					"$(inherited)",
					/usr/local/Cellar/llvm/3.5.0/lib,
				);
				OTHER_CPLUSPLUSFLAGS = "$(OTHER_CFLAGS)";
				PRODUCT_NAME = "$(TARGET_NAME)";
			};
			name = Release;
		};
/* End XCBuildConfiguration section */

/* Begin XCConfigurationList section */
		320951331A042FC5007BE338 /* Build configuration list for PBXProject "rayc" */ = {
			isa = XCConfigurationList;
			buildConfigurations = (
				3209513D1A042FC5007BE338 /* Debug */,
				3209513E1A042FC5007BE338 /* Release */,
			);
			defaultConfigurationIsVisible = 0;
			defaultConfigurationName = Release;
		};
		3209513F1A042FC5007BE338 /* Build configuration list for PBXNativeTarget "rayc" */ = {
			isa = XCConfigurationList;
			buildConfigurations = (
				320951401A042FC5007BE338 /* Debug */,
				320951411A042FC5007BE338 /* Release */,
			);
			defaultConfigurationIsVisible = 0;
			defaultConfigurationName = Release;
		};
/* End XCConfigurationList section */
	};
	rootObject = 320951301A042FC5007BE338 /* Project object */;
}
